
Microsoft Visual Studio Solution File, Format Version 12.00
# Visual Studio 2012
Project("{FAE04EC0-301F-11D3-BF4B-00C04F79EFBC}") = "Utilities.NET", "Utilities.NET\Utilities.NET.csproj", "{473009CE-75E7-4B04-B43B-1BA8B6B54D29}"
EndProject
Global
	GlobalSection(SolutionConfigurationPlatforms) = preSolution
		Debug|Any CPU = Debug|Any CPU
		Release|Any CPU = Release|Any CPU
	EndGlobalSection
	GlobalSection(ProjectConfigurationPlatforms) = postSolution
		{473009CE-75E7-4B04-B43B-1BA8B6B54D29}.Debug|Any CPU.ActiveCfg = Debug|Any CPU
		{473009CE-75E7-4B04-B43B-1BA8B6B54D29}.Debug|Any CPU.Build.0 = Debug|Any CPU
		{473009CE-75E7-4B04-B43B-1BA8B6B54D29}.Release|Any CPU.ActiveCfg = Release|Any CPU
		{473009CE-75E7-4B04-B43B-1BA8B6B54D29}.Release|Any CPU.Build.0 = Release|Any CPU
	EndGlobalSection
	GlobalSection(SolutionProperties) = preSolution
		HideSolutionNode = FALSE
	EndGlobalSection
EndGlobal
